{
  "pins" : [
    {
      "identity" : "specs",
      "kind" : "remoteSourceControl",
      "location" : "https://github.com/webrtc-sdk/Specs.git",
      "state" : {
        "revision" : "67116cbbdc5925a8565f5157de4ade6e9e9737ed",
        "version" : "125.6422.4"
      }
    }
  ],
  "version" : 2
}
